// !$*UTF8*$!
{
	archiveVersion = 1;
	classes = {
	};
	objectVersion = 50;
	objects = {

/* Begin PBXBuildFile section */
		CA3F646F240AD769005AB903 /* AppDelegate.swift in Sources */ = {isa = PBXBuildFile; fileRef = CA3F646E240AD769005AB903 /* AppDelegate.swift */; };
		CA3F6471240AD769005AB903 /* ContentView.swift in Sources */ = {isa = PBXBuildFile; fileRef = CA3F6470240AD769005AB903 /* ContentView.swift */; };
		CA3F6473240AD76A005AB903 /* Assets.xcassets in Resources */ = {isa = PBXBuildFile; fileRef = CA3F6472240AD76A005AB903 /* Assets.xcassets */; };
		CA3F6476240AD76A005AB903 /* Preview Assets.xcassets in Resources */ = {isa = PBXBuildFile; fileRef = CA3F6475240AD76A005AB903 /* Preview Assets.xcassets */; };
		CA3F6479240AD76B005AB903 /* Main.storyboard in Resources */ = {isa = PBXBuildFile; fileRef = CA3F6477240AD76B005AB903 /* Main.storyboard */; };
		CA3F6482240AD79D005AB903 /* lib.swift in Sources */ = {isa = PBXBuildFile; fileRef = CA3F6481240AD79D005AB903 /* lib.swift */; };
		CA3F6484240AD7D7005AB903 /* views.swift in Sources */ = {isa = PBXBuildFile; fileRef = CA3F6483240AD7D7005AB903 /* views.swift */; };
/* End PBXBuildFile section */

/* Begin PBXFileReference section */
		CA3F646B240AD769005AB903 /* streaming_calc_swiftui.app */ = {isa = PBXFileReference; explicitFileType = wrapper.application; includeInIndex = 0; path = streaming_calc_swiftui.app; sourceTree = BUILT_PRODUCTS_DIR; };
		CA3F646E240AD769005AB903 /* AppDelegate.swift */ = {isa = PBXFileReference; lastKnownFileType = sourcecode.swift; path = AppDelegate.swift; sourceTree = "<group>"; };
		CA3F6470240AD769005AB903 /* ContentView.swift */ = {isa = PBXFileReference; lastKnownFileType = sourcecode.swift; path = ContentView.swift; sourceTree = "<group>"; };
		CA3F6472240AD76A005AB903 /* Assets.xcassets */ = {isa = PBXFileReference; lastKnownFileType = folder.assetcatalog; path = Assets.xcassets; sourceTree = "<group>"; };
		CA3F6475240AD76A005AB903 /* Preview Assets.xcassets */ = {isa = PBXFileReference; lastKnownFileType = folder.assetcatalog; path = "Preview Assets.xcassets"; sourceTree = "<group>"; };
		CA3F6478240AD76B005AB903 /* Base */ = {isa = PBXFileReference; lastKnownFileType = file.storyboard; name = Base; path = Base.lproj/Main.storyboard; sourceTree = "<group>"; };
		CA3F647A240AD76B005AB903 /* Info.plist */ = {isa = PBXFileReference; lastKnownFileType = text.plist.xml; path = Info.plist; sourceTree = "<group>"; };
		CA3F647B240AD76B005AB903 /* streaming_calc_swiftui.entitlements */ = {isa = PBXFileReference; lastKnownFileType = text.plist.entitlements; path = streaming_calc_swiftui.entitlements; sourceTree = "<group>"; };
		CA3F6481240AD79D005AB903 /* lib.swift */ = {isa = PBXFileReference; lastKnownFileType = sourcecode.swift; path = lib.swift; sourceTree = "<group>"; };
		CA3F6483240AD7D7005AB903 /* views.swift */ = {isa = PBXFileReference; lastKnownFileType = sourcecode.swift; path = views.swift; sourceTree = "<group>"; };
/* End PBXFileReference section */

/* Begin PBXFrameworksBuildPhase section */
		CA3F6468240AD769005AB903 /* Frameworks */ = {
			isa = PBXFrameworksBuildPhase;
			buildActionMask = 2147483647;
			files = (
			);
			runOnlyForDeploymentPostprocessing = 0;
		};
/* End PBXFrameworksBuildPhase section */

/* Begin PBXGroup section */
		CA3F6462240AD768005AB903 = {
			isa = PBXGroup;
			children = (
				CA3F646D240AD769005AB903 /* streaming_calc_swiftui */,
				CA3F646C240AD769005AB903 /* Products */,
			);
			sourceTree = "<group>";
		};
		CA3F646C240AD769005AB903 /* Products */ = {
			isa = PBXGroup;
			children = (
				CA3F646B240AD769005AB903 /* streaming_calc_swiftui.app */,
			);
			name = Products;
			sourceTree = "<group>";
		};
		CA3F646D240AD769005AB903 /* streaming_calc_swiftui */ = {
			isa = PBXGroup;
			children = (
				CA3F646E240AD769005AB903 /* AppDelegate.swift */,
				CA3F6470240AD769005AB903 /* ContentView.swift */,
				CA3F6472240AD76A005AB903 /* Assets.xcassets */,
				CA3F6477240AD76B005AB903 /* Main.storyboard */,
				CA3F647A240AD76B005AB903 /* Info.plist */,
				CA3F647B240AD76B005AB903 /* streaming_calc_swiftui.entitlements */,
				CA3F6474240AD76A005AB903 /* Preview Content */,
				CA3F6481240AD79D005AB903 /* lib.swift */,
				CA3F6483240AD7D7005AB903 /* views.swift */,
			);
			path = streaming_calc_swiftui;
			sourceTree = "<group>";
		};
		CA3F6474240AD76A005AB903 /* Preview Content */ = {
			isa = PBXGroup;
			children = (
				CA3F6475240AD76A005AB903 /* Preview Assets.xcassets */,
			);
			path = "Preview Content";
			sourceTree = "<group>";
		};
/* End PBXGroup section */

/* Begin PBXNativeTarget section */
		CA3F646A240AD769005AB903 /* streaming_calc_swiftui */ = {
			isa = PBXNativeTarget;
			buildConfigurationList = CA3F647E240AD76B005AB903 /* Build configuration list for PBXNativeTarget "streaming_calc_swiftui" */;
			buildPhases = (
				CA3F6467240AD769005AB903 /* Sources */,
				CA3F6468240AD769005AB903 /* Frameworks */,
				CA3F6469240AD769005AB903 /* Resources */,
			);
			buildRules = (
			);
			dependencies = (
			);
			name = streaming_calc_swiftui;
			productName = streaming_calc_swiftui;
			productReference = CA3F646B240AD769005AB903 /* streaming_calc_swiftui.app */;
			productType = "com.apple.product-type.application";
		};
/* End PBXNativeTarget section */

/* Begin PBXProject section */
		CA3F6463240AD768005AB903 /* Project object */ = {
			isa = PBXProject;
			attributes = {
				LastSwiftUpdateCheck = 1130;
				LastUpgradeCheck = 1130;
				ORGANIZATIONNAME = sycured;
				TargetAttributes = {
					CA3F646A240AD769005AB903 = {
						CreatedOnToolsVersion = 11.3.1;
					};
				};
			};
			buildConfigurationList = CA3F6466240AD768005AB903 /* Build configuration list for PBXProject "streaming_calc_swiftui" */;
			compatibilityVersion = "Xcode 9.3";
			developmentRegion = en;
			hasScannedForEncodings = 0;
			knownRegions = (
				en,
				Base,
			);
			mainGroup = CA3F6462240AD768005AB903;
			productRefGroup = CA3F646C240AD769005AB903 /* Products */;
			projectDirPath = "";
			projectRoot = "";
			targets = (
				CA3F646A240AD769005AB903 /* streaming_calc_swiftui */,
			);
		};
/* End PBXProject section */

/* Begin PBXResourcesBuildPhase section */
		CA3F6469240AD769005AB903 /* Resources */ = {
			isa = PBXResourcesBuildPhase;
			buildActionMask = 2147483647;
			files = (
				CA3F6479240AD76B005AB903 /* Main.storyboard in Resources */,
				CA3F6476240AD76A005AB903 /* Preview Assets.xcassets in Resources */,
				CA3F6473240AD76A005AB903 /* Assets.xcassets in Resources */,
			);
			runOnlyForDeploymentPostprocessing = 0;
		};
/* End PBXResourcesBuildPhase section */

/* Begin PBXSourcesBuildPhase section */
		CA3F6467240AD769005AB903 /* Sources */ = {
			isa = PBXSourcesBuildPhase;
			buildActionMask = 2147483647;
			files = (
				CA3F6484240AD7D7005AB903 /* views.swift in Sources */,
				CA3F6471240AD769005AB903 /* ContentView.swift in Sources */,
				CA3F646F240AD769005AB903 /* AppDelegate.swift in Sources */,
				CA3F6482240AD79D005AB903 /* lib.swift in Sources */,
			);
			runOnlyForDeploymentPostprocessing = 0;
		};
/* End PBXSourcesBuildPhase section */

/* Begin PBXVariantGroup section */
		CA3F6477240AD76B005AB903 /* Main.storyboard */ = {
			isa = PBXVariantGroup;
			children = (
				CA3F6478240AD76B005AB903 /* Base */,
			);
			name = Main.storyboard;
			sourceTree = "<group>";
		};
/* End PBXVariantGroup section */

/* Begin XCBuildConfiguration section */
		CA3F647C240AD76B005AB903 /* Debug */ = {
			isa = XCBuildConfiguration;
			buildSettings = {
				ALWAYS_SEARCH_USER_PATHS = NO;
				CLANG_ANALYZER_NONNULL = YES;
				CLANG_ANALYZER_NUMBER_OBJECT_CONVERSION = YES_AGGRESSIVE;
				CLANG_CXX_LANGUAGE_STANDARD = "gnu++17";
				CLANG_CXX_LIBRARY = "libc++";
				CLANG_ENABLE_MODULES = YES;
				CLANG_ENABLE_OBJC_ARC = NO;
				CLANG_ENABLE_OBJC_WEAK = NO;
				CLANG_WARN_BLOCK_CAPTURE_AUTORELEASING = YES_ERROR;
				CLANG_WARN_BOOL_CONVERSION = YES_ERROR;
				CLANG_WARN_COMMA = YES_ERROR;
				CLANG_WARN_CONSTANT_CONVERSION = YES_ERROR;
				CLANG_WARN_DEPRECATED_OBJC_IMPLEMENTATIONS = YES;
				CLANG_WARN_DIRECT_OBJC_ISA_USAGE = YES_ERROR;
				CLANG_WARN_DOCUMENTATION_COMMENTS = YES;
				CLANG_WARN_EMPTY_BODY = YES;
				CLANG_WARN_ENUM_CONVERSION = YES_ERROR;
				CLANG_WARN_INFINITE_RECURSION = YES;
				CLANG_WARN_INT_CONVERSION = YES_ERROR;
				CLANG_WARN_NON_LITERAL_NULL_CONVERSION = YES_ERROR;
				CLANG_WARN_OBJC_IMPLICIT_RETAIN_SELF = NO;
				CLANG_WARN_OBJC_LITERAL_CONVERSION = YES_ERROR;
				CLANG_WARN_OBJC_ROOT_CLASS = YES_ERROR;
				CLANG_WARN_RANGE_LOOP_ANALYSIS = YES;
				CLANG_WARN_STRICT_PROTOTYPES = YES_ERROR;
				CLANG_WARN_SUSPICIOUS_MOVE = YES;
				CLANG_WARN_UNGUARDED_AVAILABILITY = YES_AGGRESSIVE;
				CLANG_WARN_UNREACHABLE_CODE = YES_AGGRESSIVE;
				CLANG_WARN__DUPLICATE_METHOD_MATCH = YES;
				COPY_PHASE_STRIP = YES;
				DEBUG_INFORMATION_FORMAT = dwarf;
				ENABLE_STRICT_OBJC_MSGSEND = YES;
				ENABLE_TESTABILITY = YES;
				GCC_C_LANGUAGE_STANDARD = gnu11;
				GCC_DYNAMIC_NO_PIC = NO;
				GCC_NO_COMMON_BLOCKS = YES;
				GCC_OPTIMIZATION_LEVEL = fast;
				GCC_PREPROCESSOR_DEFINITIONS = (
					"DEBUG=1",
					"$(inherited)",
				);
				GCC_WARN_64_TO_32_BIT_CONVERSION = YES_ERROR;
				GCC_WARN_ABOUT_RETURN_TYPE = YES_ERROR;
				GCC_WARN_UNDECLARED_SELECTOR = YES;
				GCC_WARN_UNINITIALIZED_AUTOS = YES_AGGRESSIVE;
				GCC_WARN_UNUSED_FUNCTION = YES;
				GCC_WARN_UNUSED_VARIABLE = YES;
				MACOSX_DEPLOYMENT_TARGET = 10.15;
				MTL_ENABLE_DEBUG_INFO = INCLUDE_SOURCE;
				MTL_FAST_MATH = YES;
				ONLY_ACTIVE_ARCH = YES;
				SDKROOT = macosx;
				SWIFT_ACTIVE_COMPILATION_CONDITIONS = DEBUG;
				SWIFT_OPTIMIZATION_LEVEL = "-O";
			};
			name = Debug;
		};
		CA3F647D240AD76B005AB903 /* Release */ = {
			isa = XCBuildConfiguration;
			buildSettings = {
				ALWAYS_SEARCH_USER_PATHS = NO;
				CLANG_ANALYZER_NONNULL = YES;
				CLANG_ANALYZER_NUMBER_OBJECT_CONVERSION = YES_AGGRESSIVE;
				CLANG_CXX_LANGUAGE_STANDARD = "gnu++17";
				CLANG_CXX_LIBRARY = "libc++";
				CLANG_ENABLE_MODULES = YES;
				CLANG_ENABLE_OBJC_ARC = NO;
				CLANG_ENABLE_OBJC_WEAK = NO;
				CLANG_WARN_BLOCK_CAPTURE_AUTORELEASING = YES_ERROR;
				CLANG_WARN_BOOL_CONVERSION = YES_ERROR;
				CLANG_WARN_COMMA = YES_ERROR;
				CLANG_WARN_CONSTANT_CONVERSION = YES_ERROR;
				CLANG_WARN_DEPRECATED_OBJC_IMPLEMENTATIONS = YES;
				CLANG_WARN_DIRECT_OBJC_ISA_USAGE = YES_ERROR;
				CLANG_WARN_DOCUMENTATION_COMMENTS = YES;
				CLANG_WARN_EMPTY_BODY = YES;
				CLANG_WARN_ENUM_CONVERSION = YES_ERROR;
				CLANG_WARN_INFINITE_RECURSION = YES;
				CLANG_WARN_INT_CONVERSION = YES_ERROR;
				CLANG_WARN_NON_LITERAL_NULL_CONVERSION = YES_ERROR;
				CLANG_WARN_OBJC_IMPLICIT_RETAIN_SELF = NO;
				CLANG_WARN_OBJC_LITERAL_CONVERSION = YES_ERROR;
				CLANG_WARN_OBJC_ROOT_CLASS = YES_ERROR;
				CLANG_WARN_RANGE_LOOP_ANALYSIS = YES;
				CLANG_WARN_STRICT_PROTOTYPES = YES_ERROR;
				CLANG_WARN_SUSPICIOUS_MOVE = YES;
				CLANG_WARN_UNGUARDED_AVAILABILITY = YES_AGGRESSIVE;
				CLANG_WARN_UNREACHABLE_CODE = YES_AGGRESSIVE;
				CLANG_WARN__DUPLICATE_METHOD_MATCH = YES;
				COPY_PHASE_STRIP = YES;
				DEBUG_INFORMATION_FORMAT = "dwarf-with-dsym";
				ENABLE_NS_ASSERTIONS = NO;
				ENABLE_STRICT_OBJC_MSGSEND = YES;
				GCC_C_LANGUAGE_STANDARD = gnu11;
				GCC_NO_COMMON_BLOCKS = YES;
				GCC_OPTIMIZATION_LEVEL = fast;
				GCC_WARN_64_TO_32_BIT_CONVERSION = YES_ERROR;
				GCC_WARN_ABOUT_RETURN_TYPE = YES_ERROR;
				GCC_WARN_UNDECLARED_SELECTOR = YES;
				GCC_WARN_UNINITIALIZED_AUTOS = YES_AGGRESSIVE;
				GCC_WARN_UNUSED_FUNCTION = YES;
				GCC_WARN_UNUSED_VARIABLE = YES;
				MACOSX_DEPLOYMENT_TARGET = 10.15;
				MTL_ENABLE_DEBUG_INFO = NO;
				MTL_FAST_MATH = YES;
				SDKROOT = macosx;
				SWIFT_COMPILATION_MODE = wholemodule;
				SWIFT_OPTIMIZATION_LEVEL = "-O";
			};
			name = Release;
		};
		CA3F647F240AD76B005AB903 /* Debug */ = {
			isa = XCBuildConfiguration;
			buildSettings = {
				ASSETCATALOG_COMPILER_APPICON_NAME = AppIcon;
				CODE_SIGN_ENTITLEMENTS = streaming_calc_swiftui/streaming_calc_swiftui.entitlements;
				CODE_SIGN_STYLE = Automatic;
				COMBINE_HIDPI_IMAGES = YES;
				DEVELOPMENT_ASSET_PATHS = "\"streaming_calc_swiftui/Preview Content\"";
				ENABLE_PREVIEWS = YES;
				INFOPLIST_FILE = streaming_calc_swiftui/Info.plist;
				LD_RUNPATH_SEARCH_PATHS = (
					"$(inherited)",
					"@executable_path/../Frameworks",
				);
				MACOSX_DEPLOYMENT_TARGET = 10.15;
				PRODUCT_BUNDLE_IDENTIFIER = "sycured.streaming-calc-swiftui";
				PRODUCT_NAME = "$(TARGET_NAME)";
				SWIFT_VERSION = 5.0;
			};
			name = Debug;
		};
		CA3F6480240AD76B005AB903 /* Release */ = {
			isa = XCBuildConfiguration;
			buildSettings = {
				ASSETCATALOG_COMPILER_APPICON_NAME = AppIcon;
				CODE_SIGN_ENTITLEMENTS = streaming_calc_swiftui/streaming_calc_swiftui.entitlements;
				CODE_SIGN_STYLE = Automatic;
				COMBINE_HIDPI_IMAGES = YES;
				DEVELOPMENT_ASSET_PATHS = "\"streaming_calc_swiftui/Preview Content\"";
				ENABLE_PREVIEWS = YES;
				INFOPLIST_FILE = streaming_calc_swiftui/Info.plist;
				LD_RUNPATH_SEARCH_PATHS = (
					"$(inherited)",
					"@executable_path/../Frameworks",
				);
				MACOSX_DEPLOYMENT_TARGET = 10.15;
				PRODUCT_BUNDLE_IDENTIFIER = "sycured.streaming-calc-swiftui";
				PRODUCT_NAME = "$(TARGET_NAME)";
				SWIFT_VERSION = 5.0;
			};
			name = Release;
		};
/* End XCBuildConfiguration section */

/* Begin XCConfigurationList section */
		CA3F6466240AD768005AB903 /* Build configuration list for PBXProject "streaming_calc_swiftui" */ = {
			isa = XCConfigurationList;
			buildConfigurations = (
				CA3F647C240AD76B005AB903 /* Debug */,
				CA3F647D240AD76B005AB903 /* Release */,
			);
			defaultConfigurationIsVisible = 0;
			defaultConfigurationName = Release;
		};
		CA3F647E240AD76B005AB903 /* Build configuration list for PBXNativeTarget "streaming_calc_swiftui" */ = {
			isa = XCConfigurationList;
			buildConfigurations = (
				CA3F647F240AD76B005AB903 /* Debug */,
				CA3F6480240AD76B005AB903 /* Release */,
			);
			defaultConfigurationIsVisible = 0;
			defaultConfigurationName = Release;
		};
/* End XCConfigurationList section */
	};
	rootObject = CA3F6463240AD768005AB903 /* Project object */;
}
